
Microsoft Visual Studio Solution File, Format Version 12.00
# Visual Studio Version 17
VisualStudioVersion = 17.5.33627.172
MinimumVisualStudioVersion = 10.0.40219.1
Project("{9A19103F-16F7-4668-BE54-9A1E7A4F7556}") = "CustomerWeb", "CustomerWeb\CustomerWeb.csproj", "{0646A0E9-C386-4D1B-BA18-04B64E44BFBB}"
EndProject
Project("{2150E333-8FDC-42A3-9474-1A3956D46DE8}") = "MicroService", "MicroService", "{9962A78F-67B5-491A-BC7F-5D760D599116}"
EndProject
Project("{E53339B2-1760-4266-BCC7-CA923CBCF16C}") = "docker-compose", "docker-compose.dcproj", "{71E8109F-4B1C-44A2-8C6B-D0D59C4ABA60}"
EndProject
Project("{9A19103F-16F7-4668-BE54-9A1E7A4F7556}") = "ProductWeb", "ProductWeb\ProductWeb.csproj", "{4B293412-9201-43B9-88F5-0C7A26BDC768}"
EndProject
Project("{9A19103F-16F7-4668-BE54-9A1E7A4F7556}") = "OrderWeb", "OrderWeb\OrderWeb.csproj", "{D55D03DF-912F-4CDE-B143-FAD8AF75B973}"
EndProject
Project("{2150E333-8FDC-42A3-9474-1A3956D46DE8}") = "ApiGateway", "ApiGateway", "{AAD0C60C-3BDC-47CE-95A3-04B8AAFFF59D}"
EndProject
Project("{FAE04EC0-301F-11D3-BF4B-00C04F79EFBC}") = "ApiGateway", "ApiGateway\ApiGateway.csproj", "{804BC199-B8FD-4655-B2AF-9294AB98C5C1}"
EndProject
Global
	GlobalSection(SolutionConfigurationPlatforms) = preSolution
		Debug|Any CPU = Debug|Any CPU
		Release|Any CPU = Release|Any CPU
	EndGlobalSection
	GlobalSection(ProjectConfigurationPlatforms) = postSolution
		{0646A0E9-C386-4D1B-BA18-04B64E44BFBB}.Debug|Any CPU.ActiveCfg = Debug|Any CPU
		{0646A0E9-C386-4D1B-BA18-04B64E44BFBB}.Debug|Any CPU.Build.0 = Debug|Any CPU
		{0646A0E9-C386-4D1B-BA18-04B64E44BFBB}.Release|Any CPU.ActiveCfg = Release|Any CPU
		{0646A0E9-C386-4D1B-BA18-04B64E44BFBB}.Release|Any CPU.Build.0 = Release|Any CPU
		{71E8109F-4B1C-44A2-8C6B-D0D59C4ABA60}.Debug|Any CPU.ActiveCfg = Debug|Any CPU
		{71E8109F-4B1C-44A2-8C6B-D0D59C4ABA60}.Debug|Any CPU.Build.0 = Debug|Any CPU
		{71E8109F-4B1C-44A2-8C6B-D0D59C4ABA60}.Release|Any CPU.ActiveCfg = Release|Any CPU
		{71E8109F-4B1C-44A2-8C6B-D0D59C4ABA60}.Release|Any CPU.Build.0 = Release|Any CPU
		{4B293412-9201-43B9-88F5-0C7A26BDC768}.Debug|Any CPU.ActiveCfg = Debug|Any CPU
		{4B293412-9201-43B9-88F5-0C7A26BDC768}.Debug|Any CPU.Build.0 = Debug|Any CPU
		{4B293412-9201-43B9-88F5-0C7A26BDC768}.Release|Any CPU.ActiveCfg = Release|Any CPU
		{4B293412-9201-43B9-88F5-0C7A26BDC768}.Release|Any CPU.Build.0 = Release|Any CPU
		{D55D03DF-912F-4CDE-B143-FAD8AF75B973}.Debug|Any CPU.ActiveCfg = Debug|Any CPU
		{D55D03DF-912F-4CDE-B143-FAD8AF75B973}.Debug|Any CPU.Build.0 = Debug|Any CPU
		{D55D03DF-912F-4CDE-B143-FAD8AF75B973}.Release|Any CPU.ActiveCfg = Release|Any CPU
		{D55D03DF-912F-4CDE-B143-FAD8AF75B973}.Release|Any CPU.Build.0 = Release|Any CPU
		{804BC199-B8FD-4655-B2AF-9294AB98C5C1}.Debug|Any CPU.ActiveCfg = Debug|Any CPU
		{804BC199-B8FD-4655-B2AF-9294AB98C5C1}.Debug|Any CPU.Build.0 = Debug|Any CPU
		{804BC199-B8FD-4655-B2AF-9294AB98C5C1}.Release|Any CPU.ActiveCfg = Release|Any CPU
		{804BC199-B8FD-4655-B2AF-9294AB98C5C1}.Release|Any CPU.Build.0 = Release|Any CPU
	EndGlobalSection
	GlobalSection(SolutionProperties) = preSolution
		HideSolutionNode = FALSE
	EndGlobalSection
	GlobalSection(NestedProjects) = preSolution
		{0646A0E9-C386-4D1B-BA18-04B64E44BFBB} = {9962A78F-67B5-491A-BC7F-5D760D599116}
		{4B293412-9201-43B9-88F5-0C7A26BDC768} = {9962A78F-67B5-491A-BC7F-5D760D599116}
		{D55D03DF-912F-4CDE-B143-FAD8AF75B973} = {9962A78F-67B5-491A-BC7F-5D760D599116}
		{804BC199-B8FD-4655-B2AF-9294AB98C5C1} = {AAD0C60C-3BDC-47CE-95A3-04B8AAFFF59D}
	EndGlobalSection
	GlobalSection(ExtensibilityGlobals) = postSolution
		SolutionGuid = {843F96CA-E79D-4F7B-8838-0AFA2B88A3AD}
	EndGlobalSection
EndGlobal
